
Microsoft Visual Studio Solution File, Format Version 12.00
# Visual Studio Version 17
VisualStudioVersion = 17.0.32014.148
MinimumVisualStudioVersion = 10.0.40219.1
Project("{FAE04EC0-301F-11D3-BF4B-00C04F79EFBC}") = "Game-Logic", "Game-Logic\Game-Logic.csproj", "{5991131E-82C0-41F1-866A-DDAC619A6EBE}"
EndProject
Project("{FAE04EC0-301F-11D3-BF4B-00C04F79EFBC}") = "Game-Console", "Game-Console\Game-Console.csproj", "{5B475557-41A0-4DC6-830F-31DD31E36C1A}"
EndProject
Global
	GlobalSection(SolutionConfigurationPlatforms) = preSolution
		Debug|Any CPU = Debug|Any CPU
		Release|Any CPU = Release|Any CPU
	EndGlobalSection
	GlobalSection(ProjectConfigurationPlatforms) = postSolution
		{5991131E-82C0-41F1-866A-DDAC619A6EBE}.Debug|Any CPU.ActiveCfg = Debug|Any CPU
		{5991131E-82C0-41F1-866A-DDAC619A6EBE}.Debug|Any CPU.Build.0 = Debug|Any CPU
		{5991131E-82C0-41F1-866A-DDAC619A6EBE}.Release|Any CPU.ActiveCfg = Release|Any CPU
		{5991131E-82C0-41F1-866A-DDAC619A6EBE}.Release|Any CPU.Build.0 = Release|Any CPU
		{5B475557-41A0-4DC6-830F-31DD31E36C1A}.Debug|Any CPU.ActiveCfg = Debug|Any CPU
		{5B475557-41A0-4DC6-830F-31DD31E36C1A}.Debug|Any CPU.Build.0 = Debug|Any CPU
		{5B475557-41A0-4DC6-830F-31DD31E36C1A}.Release|Any CPU.ActiveCfg = Release|Any CPU
		{5B475557-41A0-4DC6-830F-31DD31E36C1A}.Release|Any CPU.Build.0 = Release|Any CPU
	EndGlobalSection
	GlobalSection(SolutionProperties) = preSolution
		HideSolutionNode = FALSE
	EndGlobalSection
	GlobalSection(ExtensibilityGlobals) = postSolution
		SolutionGuid = {A19FABF5-E421-405E-9EF1-4EAFEE4B98DF}
	EndGlobalSection
EndGlobal
